
Microsoft Visual Studio Solution File, Format Version 12.00
# Visual Studio Version 16
VisualStudioVersion = 25.0.1703.2
MinimumVisualStudioVersion = 10.0.40219.1
Project("{FAE04EC0-301F-11D3-BF4B-00C04F79EFBC}") = "Solution", "Solution\Solution.csproj", "{FCFFD3D7-7E6A-42F1-B0AF-C30B1BB8BA95}"
EndProject
Global
	GlobalSection(SolutionConfigurationPlatforms) = preSolution
		Debug|Any CPU = Debug|Any CPU
		Release|Any CPU = Release|Any CPU
	EndGlobalSection
	GlobalSection(ProjectConfigurationPlatforms) = postSolution
		{FCFFD3D7-7E6A-42F1-B0AF-C30B1BB8BA95}.Debug|Any CPU.ActiveCfg = Debug|Any CPU
		{FCFFD3D7-7E6A-42F1-B0AF-C30B1BB8BA95}.Debug|Any CPU.Build.0 = Debug|Any CPU
		{FCFFD3D7-7E6A-42F1-B0AF-C30B1BB8BA95}.Release|Any CPU.ActiveCfg = Release|Any CPU
		{FCFFD3D7-7E6A-42F1-B0AF-C30B1BB8BA95}.Release|Any CPU.Build.0 = Release|Any CPU
	EndGlobalSection
	GlobalSection(SolutionProperties) = preSolution
		HideSolutionNode = FALSE
	EndGlobalSection
	GlobalSection(ExtensibilityGlobals) = postSolution
		SolutionGuid = {AD5A14A7-FCA6-4A9A-A4FD-989C2E28D255}
	EndGlobalSection
EndGlobal
